
Microsoft Visual Studio Solution File, Format Version 12.00
# Visual Studio Version 16
VisualStudioVersion = 16.0.33214.272
MinimumVisualStudioVersion = 10.0.40219.1
Project("{FAE04EC0-301F-11D3-BF4B-00C04F79EFBC}") = "Classes_and_methods_assignment_1", "Classes_and_methods_assignment_1.csproj", "{D97CE727-7323-4FC6-A55E-725BE12957E7}"
EndProject
Global
	GlobalSection(SolutionConfigurationPlatforms) = preSolution
		Debug|Any CPU = Debug|Any CPU
		Release|Any CPU = Release|Any CPU
	EndGlobalSection
	GlobalSection(ProjectConfigurationPlatforms) = postSolution
		{D97CE727-7323-4FC6-A55E-725BE12957E7}.Debug|Any CPU.ActiveCfg = Debug|Any CPU
		{D97CE727-7323-4FC6-A55E-725BE12957E7}.Debug|Any CPU.Build.0 = Debug|Any CPU
		{D97CE727-7323-4FC6-A55E-725BE12957E7}.Release|Any CPU.ActiveCfg = Release|Any CPU
		{D97CE727-7323-4FC6-A55E-725BE12957E7}.Release|Any CPU.Build.0 = Release|Any CPU
	EndGlobalSection
	GlobalSection(SolutionProperties) = preSolution
		HideSolutionNode = FALSE
	EndGlobalSection
	GlobalSection(ExtensibilityGlobals) = postSolution
		SolutionGuid = {73491075-334F-45BA-8B30-D1AFF15D7E7D}
	EndGlobalSection
EndGlobal
