
Microsoft Visual Studio Solution File, Format Version 12.00
# Visual Studio Version 16
VisualStudioVersion = 16.0.33214.272
MinimumVisualStudioVersion = 10.0.40219.1
Project("{FAE04EC0-301F-11D3-BF4B-00C04F79EFBC}") = "Structs_Assignment", "Structs_Assignment.csproj", "{926B55E5-7158-480A-94EC-F15C873DDD15}"
EndProject
Global
	GlobalSection(SolutionConfigurationPlatforms) = preSolution
		Debug|Any CPU = Debug|Any CPU
		Release|Any CPU = Release|Any CPU
	EndGlobalSection
	GlobalSection(ProjectConfigurationPlatforms) = postSolution
		{926B55E5-7158-480A-94EC-F15C873DDD15}.Debug|Any CPU.ActiveCfg = Debug|Any CPU
		{926B55E5-7158-480A-94EC-F15C873DDD15}.Debug|Any CPU.Build.0 = Debug|Any CPU
		{926B55E5-7158-480A-94EC-F15C873DDD15}.Release|Any CPU.ActiveCfg = Release|Any CPU
		{926B55E5-7158-480A-94EC-F15C873DDD15}.Release|Any CPU.Build.0 = Release|Any CPU
	EndGlobalSection
	GlobalSection(SolutionProperties) = preSolution
		HideSolutionNode = FALSE
	EndGlobalSection
	GlobalSection(ExtensibilityGlobals) = postSolution
		SolutionGuid = {9734F6F9-A8F1-4685-AC0B-71201D08BA12}
	EndGlobalSection
EndGlobal
