
Microsoft Visual Studio Solution File, Format Version 12.00
# Visual Studio Version 16
VisualStudioVersion = 16.0.33214.272
MinimumVisualStudioVersion = 10.0.40219.1
Project("{FAE04EC0-301F-11D3-BF4B-00C04F79EFBC}") = "Price_Quote_Application_Assignment", "Price_Quote_Application_Assignment.csproj", "{CF5406E4-4238-4C43-A72C-4D9276E9FC38}"
EndProject
Global
	GlobalSection(SolutionConfigurationPlatforms) = preSolution
		Debug|Any CPU = Debug|Any CPU
		Release|Any CPU = Release|Any CPU
	EndGlobalSection
	GlobalSection(ProjectConfigurationPlatforms) = postSolution
		{CF5406E4-4238-4C43-A72C-4D9276E9FC38}.Debug|Any CPU.ActiveCfg = Debug|Any CPU
		{CF5406E4-4238-4C43-A72C-4D9276E9FC38}.Debug|Any CPU.Build.0 = Debug|Any CPU
		{CF5406E4-4238-4C43-A72C-4D9276E9FC38}.Release|Any CPU.ActiveCfg = Release|Any CPU
		{CF5406E4-4238-4C43-A72C-4D9276E9FC38}.Release|Any CPU.Build.0 = Release|Any CPU
	EndGlobalSection
	GlobalSection(SolutionProperties) = preSolution
		HideSolutionNode = FALSE
	EndGlobalSection
	GlobalSection(ExtensibilityGlobals) = postSolution
		SolutionGuid = {D68BB149-E4A1-45F9-8068-A59A091109E8}
	EndGlobalSection
EndGlobal
